
Microsoft Visual Studio Solution File, Format Version 12.00
# Visual Studio 15
VisualStudioVersion = 15.0.27130.2027
MinimumVisualStudioVersion = 10.0.40219.1
Project("{2150E333-8FDC-42A3-9474-1A3956D46DE8}") = "src", "src", "{3DCF1E7A-7458-4DD8-B13A-35CB85822899}"
EndProject
Project("{2150E333-8FDC-42A3-9474-1A3956D46DE8}") = "test", "test", "{A6AF6EA4-0704-4B66-9302-6F39DF8D99DA}"
EndProject
Project("{9A19103F-16F7-4668-BE54-9A1E7A4F7556}") = "Domain", "Domain\Domain.csproj", "{E53E7440-C67E-4240-8AB8-AD1CBF72CA52}"
EndProject
Project("{9A19103F-16F7-4668-BE54-9A1E7A4F7556}") = "DomainTest", "DomainTest\DomainTest.csproj", "{249C82D1-F313-4177-A346-0CE69EC01F92}"
EndProject
Project("{FAE04EC0-301F-11D3-BF4B-00C04F79EFBC}") = "AbstractFactory", "Console\AbstractFactory.csproj", "{442ECCB7-D3D3-4962-98FC-5E9BE590443C}"
EndProject
Project("{FAE04EC0-301F-11D3-BF4B-00C04F79EFBC}") = "FactoryMethod", "FactoryMethod\FactoryMethod.csproj", "{30AE6D3D-3D44-4463-9E92-B7B4D316BFE0}"
EndProject
Global
	GlobalSection(SolutionConfigurationPlatforms) = preSolution
		Debug|Any CPU = Debug|Any CPU
		Release|Any CPU = Release|Any CPU
	EndGlobalSection
	GlobalSection(ProjectConfigurationPlatforms) = postSolution
		{E53E7440-C67E-4240-8AB8-AD1CBF72CA52}.Debug|Any CPU.ActiveCfg = Debug|Any CPU
		{E53E7440-C67E-4240-8AB8-AD1CBF72CA52}.Debug|Any CPU.Build.0 = Debug|Any CPU
		{E53E7440-C67E-4240-8AB8-AD1CBF72CA52}.Release|Any CPU.ActiveCfg = Release|Any CPU
		{E53E7440-C67E-4240-8AB8-AD1CBF72CA52}.Release|Any CPU.Build.0 = Release|Any CPU
		{249C82D1-F313-4177-A346-0CE69EC01F92}.Debug|Any CPU.ActiveCfg = Debug|Any CPU
		{249C82D1-F313-4177-A346-0CE69EC01F92}.Debug|Any CPU.Build.0 = Debug|Any CPU
		{249C82D1-F313-4177-A346-0CE69EC01F92}.Release|Any CPU.ActiveCfg = Release|Any CPU
		{249C82D1-F313-4177-A346-0CE69EC01F92}.Release|Any CPU.Build.0 = Release|Any CPU
		{442ECCB7-D3D3-4962-98FC-5E9BE590443C}.Debug|Any CPU.ActiveCfg = Debug|Any CPU
		{442ECCB7-D3D3-4962-98FC-5E9BE590443C}.Debug|Any CPU.Build.0 = Debug|Any CPU
		{442ECCB7-D3D3-4962-98FC-5E9BE590443C}.Release|Any CPU.ActiveCfg = Release|Any CPU
		{442ECCB7-D3D3-4962-98FC-5E9BE590443C}.Release|Any CPU.Build.0 = Release|Any CPU
		{30AE6D3D-3D44-4463-9E92-B7B4D316BFE0}.Debug|Any CPU.ActiveCfg = Debug|Any CPU
		{30AE6D3D-3D44-4463-9E92-B7B4D316BFE0}.Debug|Any CPU.Build.0 = Debug|Any CPU
		{30AE6D3D-3D44-4463-9E92-B7B4D316BFE0}.Release|Any CPU.ActiveCfg = Release|Any CPU
		{30AE6D3D-3D44-4463-9E92-B7B4D316BFE0}.Release|Any CPU.Build.0 = Release|Any CPU
	EndGlobalSection
	GlobalSection(SolutionProperties) = preSolution
		HideSolutionNode = FALSE
	EndGlobalSection
	GlobalSection(NestedProjects) = preSolution
		{E53E7440-C67E-4240-8AB8-AD1CBF72CA52} = {3DCF1E7A-7458-4DD8-B13A-35CB85822899}
		{249C82D1-F313-4177-A346-0CE69EC01F92} = {A6AF6EA4-0704-4B66-9302-6F39DF8D99DA}
		{442ECCB7-D3D3-4962-98FC-5E9BE590443C} = {3DCF1E7A-7458-4DD8-B13A-35CB85822899}
		{30AE6D3D-3D44-4463-9E92-B7B4D316BFE0} = {3DCF1E7A-7458-4DD8-B13A-35CB85822899}
	EndGlobalSection
	GlobalSection(ExtensibilityGlobals) = postSolution
		SolutionGuid = {A7073690-05F6-40F6-B62C-985AEEFCFDC2}
	EndGlobalSection
EndGlobal
